
Microsoft Visual Studio Solution File, Format Version 12.00
# Visual Studio Version 16
VisualStudioVersion = 16.0.31313.79
MinimumVisualStudioVersion = 10.0.40219.1
Project("{FAE04EC0-301F-11D3-BF4B-00C04F79EFBC}") = "StokTakipUygulama", "StokTakipUygulama\StokTakipUygulama.csproj", "{EDF33E4D-54C2-41AF-8E7F-63A62F72AB2A}"
EndProject
Global
	GlobalSection(SolutionConfigurationPlatforms) = preSolution
		Debug|Any CPU = Debug|Any CPU
		Release|Any CPU = Release|Any CPU
	EndGlobalSection
	GlobalSection(ProjectConfigurationPlatforms) = postSolution
		{EDF33E4D-54C2-41AF-8E7F-63A62F72AB2A}.Debug|Any CPU.ActiveCfg = Debug|Any CPU
		{EDF33E4D-54C2-41AF-8E7F-63A62F72AB2A}.Debug|Any CPU.Build.0 = Debug|Any CPU
		{EDF33E4D-54C2-41AF-8E7F-63A62F72AB2A}.Release|Any CPU.ActiveCfg = Release|Any CPU
		{EDF33E4D-54C2-41AF-8E7F-63A62F72AB2A}.Release|Any CPU.Build.0 = Release|Any CPU
	EndGlobalSection
	GlobalSection(SolutionProperties) = preSolution
		HideSolutionNode = FALSE
	EndGlobalSection
	GlobalSection(ExtensibilityGlobals) = postSolution
		SolutionGuid = {EA9DBE45-DBBD-4ECD-ADE0-CFD549668EA3}
	EndGlobalSection
EndGlobal
